// !$*UTF8*$!
{
	archiveVersion = 1;
	classes = {
	};
	objectVersion = 46;
	objects = {

/* Begin PBXBuildFile section */
		82431AE714C5957B001003ED /* MSResultView.m in Sources */ = {isa = PBXBuildFile; fileRef = 82431AE514C5957B001003ED /* MSResultView.m */; };
		82431AEC14C5AFD4001003ED /* MSActivityView.m in Sources */ = {isa = PBXBuildFile; fileRef = 82431AEB14C5AFD4001003ED /* MSActivityView.m */; };
		8277107514643613000F7539 /* UIKit.framework in Frameworks */ = {isa = PBXBuildFile; fileRef = 8277107414643613000F7539 /* UIKit.framework */; };
		8277107714643613000F7539 /* Foundation.framework in Frameworks */ = {isa = PBXBuildFile; fileRef = 8277107614643613000F7539 /* Foundation.framework */; };
		8277107914643613000F7539 /* CoreGraphics.framework in Frameworks */ = {isa = PBXBuildFile; fileRef = 8277107814643613000F7539 /* CoreGraphics.framework */; };
		8277107F14643613000F7539 /* InfoPlist.strings in Resources */ = {isa = PBXBuildFile; fileRef = 8277107D14643613000F7539 /* InfoPlist.strings */; };
		8277108114643613000F7539 /* main.m in Sources */ = {isa = PBXBuildFile; fileRef = 8277108014643613000F7539 /* main.m */; };
		8277108514643613000F7539 /* AppDelegate.m in Sources */ = {isa = PBXBuildFile; fileRef = 8277108414643613000F7539 /* AppDelegate.m */; };
		8277108814643613000F7539 /* ViewController.m in Sources */ = {isa = PBXBuildFile; fileRef = 8277108714643613000F7539 /* ViewController.m */; };
		8277108B14643613000F7539 /* ViewController.xib in Resources */ = {isa = PBXBuildFile; fileRef = 8277108914643613000F7539 /* ViewController.xib */; };
		82F19114146437B30033B0B8 /* QuartzCore.framework in Frameworks */ = {isa = PBXBuildFile; fileRef = 82F19113146437B30033B0B8 /* QuartzCore.framework */; };
		82F19116146437BC0033B0B8 /* CoreVideo.framework in Frameworks */ = {isa = PBXBuildFile; fileRef = 82F19115146437BC0033B0B8 /* CoreVideo.framework */; };
		82F19118146437C30033B0B8 /* CoreMedia.framework in Frameworks */ = {isa = PBXBuildFile; fileRef = 82F19117146437C30033B0B8 /* CoreMedia.framework */; };
		82F1911A146437C90033B0B8 /* AVFoundation.framework in Frameworks */ = {isa = PBXBuildFile; fileRef = 82F19119146437C90033B0B8 /* AVFoundation.framework */; };
		82F19129146438F80033B0B8 /* MSScannerController.m in Sources */ = {isa = PBXBuildFile; fileRef = 82F19128146438F80033B0B8 /* MSScannerController.m */; };
/* End PBXBuildFile section */

/* Begin PBXFileReference section */
		82431AD314C4A553001003ED /* ImageIO.framework */ = {isa = PBXFileReference; lastKnownFileType = wrapper.framework; name = ImageIO.framework; path = System/Library/Frameworks/ImageIO.framework; sourceTree = SDKROOT; };
		82431AD514C4A558001003ED /* Accelerate.framework */ = {isa = PBXFileReference; lastKnownFileType = wrapper.framework; name = Accelerate.framework; path = System/Library/Frameworks/Accelerate.framework; sourceTree = SDKROOT; };
		82431AE514C5957B001003ED /* MSResultView.m */ = {isa = PBXFileReference; fileEncoding = 4; lastKnownFileType = sourcecode.c.objc; path = MSResultView.m; sourceTree = "<group>"; };
		82431AE614C5957B001003ED /* MSResultView.h */ = {isa = PBXFileReference; fileEncoding = 4; lastKnownFileType = sourcecode.c.h; path = MSResultView.h; sourceTree = "<group>"; };
		82431AEA14C5AFD4001003ED /* MSActivityView.h */ = {isa = PBXFileReference; fileEncoding = 4; lastKnownFileType = sourcecode.c.h; path = MSActivityView.h; sourceTree = "<group>"; };
		82431AEB14C5AFD4001003ED /* MSActivityView.m */ = {isa = PBXFileReference; fileEncoding = 4; lastKnownFileType = sourcecode.c.objc; path = MSActivityView.m; sourceTree = "<group>"; };
		8277107014643613000F7539 /* Demo2.app */ = {isa = PBXFileReference; explicitFileType = wrapper.application; includeInIndex = 0; path = Demo2.app; sourceTree = BUILT_PRODUCTS_DIR; };
		8277107414643613000F7539 /* UIKit.framework */ = {isa = PBXFileReference; lastKnownFileType = wrapper.framework; name = UIKit.framework; path = System/Library/Frameworks/UIKit.framework; sourceTree = SDKROOT; };
		8277107614643613000F7539 /* Foundation.framework */ = {isa = PBXFileReference; lastKnownFileType = wrapper.framework; name = Foundation.framework; path = System/Library/Frameworks/Foundation.framework; sourceTree = SDKROOT; };
		8277107814643613000F7539 /* CoreGraphics.framework */ = {isa = PBXFileReference; lastKnownFileType = wrapper.framework; name = CoreGraphics.framework; path = System/Library/Frameworks/CoreGraphics.framework; sourceTree = SDKROOT; };
		8277107C14643613000F7539 /* Demo2-Info.plist */ = {isa = PBXFileReference; lastKnownFileType = text.plist.xml; path = "Demo2-Info.plist"; sourceTree = "<group>"; };
		8277107E14643613000F7539 /* en */ = {isa = PBXFileReference; lastKnownFileType = text.plist.strings; name = en; path = en.lproj/InfoPlist.strings; sourceTree = "<group>"; };
		8277108014643613000F7539 /* main.m */ = {isa = PBXFileReference; lastKnownFileType = sourcecode.c.objc; path = main.m; sourceTree = "<group>"; };
		8277108214643613000F7539 /* Demo2-Prefix.pch */ = {isa = PBXFileReference; lastKnownFileType = sourcecode.c.h; path = "Demo2-Prefix.pch"; sourceTree = "<group>"; };
		8277108314643613000F7539 /* AppDelegate.h */ = {isa = PBXFileReference; lastKnownFileType = sourcecode.c.h; path = AppDelegate.h; sourceTree = "<group>"; };
		8277108414643613000F7539 /* AppDelegate.m */ = {isa = PBXFileReference; lastKnownFileType = sourcecode.c.objc; path = AppDelegate.m; sourceTree = "<group>"; };
		8277108614643613000F7539 /* ViewController.h */ = {isa = PBXFileReference; lastKnownFileType = sourcecode.c.h; path = ViewController.h; sourceTree = "<group>"; };
		8277108714643613000F7539 /* ViewController.m */ = {isa = PBXFileReference; lastKnownFileType = sourcecode.c.objc; path = ViewController.m; sourceTree = "<group>"; };
		8277108A14643613000F7539 /* en */ = {isa = PBXFileReference; lastKnownFileType = file.xib; name = en; path = en.lproj/ViewController.xib; sourceTree = "<group>"; };
		82F19113146437B30033B0B8 /* QuartzCore.framework */ = {isa = PBXFileReference; lastKnownFileType = wrapper.framework; name = QuartzCore.framework; path = System/Library/Frameworks/QuartzCore.framework; sourceTree = SDKROOT; };
		82F19115146437BC0033B0B8 /* CoreVideo.framework */ = {isa = PBXFileReference; lastKnownFileType = wrapper.framework; name = CoreVideo.framework; path = System/Library/Frameworks/CoreVideo.framework; sourceTree = SDKROOT; };
		82F19117146437C30033B0B8 /* CoreMedia.framework */ = {isa = PBXFileReference; lastKnownFileType = wrapper.framework; name = CoreMedia.framework; path = System/Library/Frameworks/CoreMedia.framework; sourceTree = SDKROOT; };
		82F19119146437C90033B0B8 /* AVFoundation.framework */ = {isa = PBXFileReference; lastKnownFileType = wrapper.framework; name = AVFoundation.framework; path = System/Library/Frameworks/AVFoundation.framework; sourceTree = SDKROOT; };
		82F19127146438F80033B0B8 /* MSScannerController.h */ = {isa = PBXFileReference; fileEncoding = 4; lastKnownFileType = sourcecode.c.h; path = MSScannerController.h; sourceTree = "<group>"; };
		82F19128146438F80033B0B8 /* MSScannerController.m */ = {isa = PBXFileReference; fileEncoding = 4; lastKnownFileType = sourcecode.c.objc; path = MSScannerController.m; sourceTree = "<group>"; };
/* End PBXFileReference section */

/* Begin PBXFrameworksBuildPhase section */
		8277106D14643613000F7539 /* Frameworks */ = {
			isa = PBXFrameworksBuildPhase;
			buildActionMask = 2147483647;
			files = (
				82F1911A146437C90033B0B8 /* AVFoundation.framework in Frameworks */,
				82F19118146437C30033B0B8 /* CoreMedia.framework in Frameworks */,
				82F19116146437BC0033B0B8 /* CoreVideo.framework in Frameworks */,
				82F19114146437B30033B0B8 /* QuartzCore.framework in Frameworks */,
				8277107514643613000F7539 /* UIKit.framework in Frameworks */,
				8277107714643613000F7539 /* Foundation.framework in Frameworks */,
				8277107914643613000F7539 /* CoreGraphics.framework in Frameworks */,
			);
			runOnlyForDeploymentPostprocessing = 0;
		};
/* End PBXFrameworksBuildPhase section */

/* Begin PBXGroup section */
		82431AE314C5956C001003ED /* Result view */ = {
			isa = PBXGroup;
			children = (
				82431AE514C5957B001003ED /* MSResultView.m */,
				82431AE614C5957B001003ED /* MSResultView.h */,
			);
			name = "Result view";
			sourceTree = "<group>";
		};
		82431AE914C5AFAA001003ED /* Activity view */ = {
			isa = PBXGroup;
			children = (
				82431AE314C5956C001003ED /* Result view */,
				82431AEA14C5AFD4001003ED /* MSActivityView.h */,
				82431AEB14C5AFD4001003ED /* MSActivityView.m */,
			);
			name = "Activity view";
			sourceTree = "<group>";
		};
		8277106514643613000F7539 = {
			isa = PBXGroup;
			children = (
				8277107A14643613000F7539 /* Demo2 */,
				8277107314643613000F7539 /* Frameworks */,
				8277107114643613000F7539 /* Products */,
			);
			sourceTree = "<group>";
		};
		8277107114643613000F7539 /* Products */ = {
			isa = PBXGroup;
			children = (
				8277107014643613000F7539 /* Demo2.app */,
			);
			name = Products;
			sourceTree = "<group>";
		};
		8277107314643613000F7539 /* Frameworks */ = {
			isa = PBXGroup;
			children = (
				82431AD514C4A558001003ED /* Accelerate.framework */,
				82431AD314C4A553001003ED /* ImageIO.framework */,
				82F19119146437C90033B0B8 /* AVFoundation.framework */,
				82F19117146437C30033B0B8 /* CoreMedia.framework */,
				82F19115146437BC0033B0B8 /* CoreVideo.framework */,
				82F19113146437B30033B0B8 /* QuartzCore.framework */,
				8277107414643613000F7539 /* UIKit.framework */,
				8277107614643613000F7539 /* Foundation.framework */,
				8277107814643613000F7539 /* CoreGraphics.framework */,
			);
			name = Frameworks;
			sourceTree = "<group>";
		};
		8277107A14643613000F7539 /* Demo2 */ = {
			isa = PBXGroup;
			children = (
				82F190DC1464371B0033B0B8 /* Scanner */,
				82431AE914C5AFAA001003ED /* Activity view */,
				8277108314643613000F7539 /* AppDelegate.h */,
				8277108414643613000F7539 /* AppDelegate.m */,
				8277108614643613000F7539 /* ViewController.h */,
				8277108714643613000F7539 /* ViewController.m */,
				8277108914643613000F7539 /* ViewController.xib */,
				8277107B14643613000F7539 /* Supporting Files */,
			);
			path = Demo2;
			sourceTree = "<group>";
		};
		8277107B14643613000F7539 /* Supporting Files */ = {
			isa = PBXGroup;
			children = (
				8277107C14643613000F7539 /* Demo2-Info.plist */,
				8277107D14643613000F7539 /* InfoPlist.strings */,
				8277108014643613000F7539 /* main.m */,
				8277108214643613000F7539 /* Demo2-Prefix.pch */,
			);
			name = "Supporting Files";
			sourceTree = "<group>";
		};
		82F190DC1464371B0033B0B8 /* Scanner */ = {
			isa = PBXGroup;
			children = (
				82F19127146438F80033B0B8 /* MSScannerController.h */,
				82F19128146438F80033B0B8 /* MSScannerController.m */,
			);
			name = Scanner;
			sourceTree = "<group>";
		};
/* End PBXGroup section */

/* Begin PBXNativeTarget section */
		8277106F14643613000F7539 /* Demo2 */ = {
			isa = PBXNativeTarget;
			buildConfigurationList = 8277108E14643613000F7539 /* Build configuration list for PBXNativeTarget "Demo2" */;
			buildPhases = (
				8277106C14643613000F7539 /* Sources */,
				8277106D14643613000F7539 /* Frameworks */,
				8277106E14643613000F7539 /* Resources */,
			);
			buildRules = (
			);
			dependencies = (
			);
			name = Demo2;
			productName = Demo2;
			productReference = 8277107014643613000F7539 /* Demo2.app */;
			productType = "com.apple.product-type.application";
		};
/* End PBXNativeTarget section */

/* Begin PBXProject section */
		8277106714643613000F7539 /* Project object */ = {
			isa = PBXProject;
			attributes = {
				LastUpgradeCheck = 0420;
				ORGANIZATIONNAME = Moodstocks;
			};
			buildConfigurationList = 8277106A14643613000F7539 /* Build configuration list for PBXProject "Demo2" */;
			compatibilityVersion = "Xcode 3.2";
			developmentRegion = English;
			hasScannedForEncodings = 0;
			knownRegions = (
				en,
			);
			mainGroup = 8277106514643613000F7539;
			productRefGroup = 8277107114643613000F7539 /* Products */;
			projectDirPath = "";
			projectRoot = "";
			targets = (
				8277106F14643613000F7539 /* Demo2 */,
			);
		};
/* End PBXProject section */

/* Begin PBXResourcesBuildPhase section */
		8277106E14643613000F7539 /* Resources */ = {
			isa = PBXResourcesBuildPhase;
			buildActionMask = 2147483647;
			files = (
				8277107F14643613000F7539 /* InfoPlist.strings in Resources */,
				8277108B14643613000F7539 /* ViewController.xib in Resources */,
			);
			runOnlyForDeploymentPostprocessing = 0;
		};
/* End PBXResourcesBuildPhase section */

/* Begin PBXSourcesBuildPhase section */
		8277106C14643613000F7539 /* Sources */ = {
			isa = PBXSourcesBuildPhase;
			buildActionMask = 2147483647;
			files = (
				8277108114643613000F7539 /* main.m in Sources */,
				8277108514643613000F7539 /* AppDelegate.m in Sources */,
				8277108814643613000F7539 /* ViewController.m in Sources */,
				82F19129146438F80033B0B8 /* MSScannerController.m in Sources */,
				82431AE714C5957B001003ED /* MSResultView.m in Sources */,
				82431AEC14C5AFD4001003ED /* MSActivityView.m in Sources */,
			);
			runOnlyForDeploymentPostprocessing = 0;
		};
/* End PBXSourcesBuildPhase section */

/* Begin PBXVariantGroup section */
		8277107D14643613000F7539 /* InfoPlist.strings */ = {
			isa = PBXVariantGroup;
			children = (
				8277107E14643613000F7539 /* en */,
			);
			name = InfoPlist.strings;
			sourceTree = "<group>";
		};
		8277108914643613000F7539 /* ViewController.xib */ = {
			isa = PBXVariantGroup;
			children = (
				8277108A14643613000F7539 /* en */,
			);
			name = ViewController.xib;
			sourceTree = "<group>";
		};
/* End PBXVariantGroup section */

/* Begin XCBuildConfiguration section */
		8277108C14643613000F7539 /* Debug */ = {
			isa = XCBuildConfiguration;
			buildSettings = {
				ALWAYS_SEARCH_USER_PATHS = NO;
				ARCHS = "$(ARCHS_STANDARD_32_BIT)";
				"CODE_SIGN_IDENTITY[sdk=iphoneos*]" = "iPhone Developer";
				COPY_PHASE_STRIP = NO;
				GCC_C_LANGUAGE_STANDARD = gnu99;
				GCC_DYNAMIC_NO_PIC = NO;
				GCC_OPTIMIZATION_LEVEL = 0;
				GCC_PREPROCESSOR_DEFINITIONS = (
					"DEBUG=1",
					"$(inherited)",
				);
				GCC_SYMBOLS_PRIVATE_EXTERN = NO;
				GCC_VERSION = com.apple.compilers.llvm.clang.1_0;
				GCC_WARN_ABOUT_MISSING_PROTOTYPES = YES;
				GCC_WARN_ABOUT_RETURN_TYPE = YES;
				GCC_WARN_UNUSED_VARIABLE = YES;
				IPHONEOS_DEPLOYMENT_TARGET = 4.0;
				SDKROOT = iphoneos;
			};
			name = Debug;
		};
		8277108D14643613000F7539 /* Release */ = {
			isa = XCBuildConfiguration;
			buildSettings = {
				ALWAYS_SEARCH_USER_PATHS = NO;
				ARCHS = "$(ARCHS_STANDARD_32_BIT)";
				"CODE_SIGN_IDENTITY[sdk=iphoneos*]" = "iPhone Developer";
				COPY_PHASE_STRIP = YES;
				GCC_C_LANGUAGE_STANDARD = gnu99;
				GCC_VERSION = com.apple.compilers.llvm.clang.1_0;
				GCC_WARN_ABOUT_MISSING_PROTOTYPES = YES;
				GCC_WARN_ABOUT_RETURN_TYPE = YES;
				GCC_WARN_UNUSED_VARIABLE = YES;
				IPHONEOS_DEPLOYMENT_TARGET = 4.0;
				OTHER_CFLAGS = "-DNS_BLOCK_ASSERTIONS=1";
				SDKROOT = iphoneos;
				VALIDATE_PRODUCT = YES;
			};
			name = Release;
		};
		8277108F14643613000F7539 /* Debug */ = {
			isa = XCBuildConfiguration;
			buildSettings = {
				GCC_PRECOMPILE_PREFIX_HEADER = YES;
				GCC_PREFIX_HEADER = "Demo2/Demo2-Prefix.pch";
				INFOPLIST_FILE = "Demo2/Demo2-Info.plist";
				IPHONEOS_DEPLOYMENT_TARGET = 4.0;
				LIBRARY_SEARCH_PATHS = (
					"$(inherited)",
					"\"$(SRCROOT)/Demo2\"",
				);
				PRODUCT_NAME = Demo2;
				WRAPPER_EXTENSION = app;
			};
			name = Debug;
		};
		8277109014643613000F7539 /* Release */ = {
			isa = XCBuildConfiguration;
			buildSettings = {
				GCC_PRECOMPILE_PREFIX_HEADER = YES;
				GCC_PREFIX_HEADER = "Demo2/Demo2-Prefix.pch";
				INFOPLIST_FILE = "Demo2/Demo2-Info.plist";
				IPHONEOS_DEPLOYMENT_TARGET = 4.0;
				LIBRARY_SEARCH_PATHS = (
					"$(inherited)",
					"\"$(SRCROOT)/Demo2\"",
				);
				PRODUCT_NAME = Demo2;
				WRAPPER_EXTENSION = app;
			};
			name = Release;
		};
/* End XCBuildConfiguration section */

/* Begin XCConfigurationList section */
		8277106A14643613000F7539 /* Build configuration list for PBXProject "Demo2" */ = {
			isa = XCConfigurationList;
			buildConfigurations = (
				8277108C14643613000F7539 /* Debug */,
				8277108D14643613000F7539 /* Release */,
			);
			defaultConfigurationIsVisible = 0;
			defaultConfigurationName = Release;
		};
		8277108E14643613000F7539 /* Build configuration list for PBXNativeTarget "Demo2" */ = {
			isa = XCConfigurationList;
			buildConfigurations = (
				8277108F14643613000F7539 /* Debug */,
				8277109014643613000F7539 /* Release */,
			);
			defaultConfigurationIsVisible = 0;
			defaultConfigurationName = Release;
		};
/* End XCConfigurationList section */
	};
	rootObject = 8277106714643613000F7539 /* Project object */;
}
